{
  "lockfileVersion": 1,
  "workspaces": {
    "": {
      "name": "cleanonr",
      "dependencies": {
        "@tailwindcss/vite": "^4.1.11",
        "gsap": "^3.13.0",
        "tailwindcss": "^4.1.11",
      },
      "devDependencies": {
        "vite": "^7.0.3",
      },
    },
  },
  "packages": {
    "@ampproject/remapping": ["@ampproject/remapping@2.3.0", "", { "dependencies": { "@jridgewell/gen-mapping": "^0.3.5", "@jridgewell/trace-mapping": "^0.3.24" } }, ""],

    "@esbuild/linux-x64": ["@esbuild/linux-x64@0.25.6", "", { "os": "linux", "cpu": "x64" }, ""],

    "@isaacs/fs-minipass": ["@isaacs/fs-minipass@4.0.1", "", { "dependencies": { "minipass": "^7.0.4" } }, ""],

    "@jridgewell/gen-mapping": ["@jridgewell/gen-mapping@0.3.12", "", { "dependencies": { "@jridgewell/sourcemap-codec": "^1.5.0", "@jridgewell/trace-mapping": "^0.3.24" } }, ""],

    "@jridgewell/resolve-uri": ["@jridgewell/resolve-uri@3.1.2", "", {}, ""],

    "@jridgewell/sourcemap-codec": ["@jridgewell/sourcemap-codec@1.5.4", "", {}, ""],

    "@jridgewell/trace-mapping": ["@jridgewell/trace-mapping@0.3.29", "", { "dependencies": { "@jridgewell/resolve-uri": "^3.1.0", "@jridgewell/sourcemap-codec": "^1.4.14" } }, ""],

    "@rollup/rollup-linux-x64-gnu": ["@rollup/rollup-linux-x64-gnu@4.44.2", "", { "os": "linux", "cpu": "x64" }, ""],

    "@rollup/rollup-linux-x64-musl": ["@rollup/rollup-linux-x64-musl@4.44.2", "", { "os": "linux", "cpu": "x64" }, ""],

    "@tailwindcss/node": ["@tailwindcss/node@4.1.11", "", { "dependencies": { "@ampproject/remapping": "^2.3.0", "enhanced-resolve": "^5.18.1", "jiti": "^2.4.2", "lightningcss": "1.30.1", "magic-string": "^0.30.17", "source-map-js": "^1.2.1", "tailwindcss": "4.1.11" } }, ""],

    "@tailwindcss/oxide": ["@tailwindcss/oxide@4.1.11", "", { "dependencies": { "detect-libc": "^2.0.4", "tar": "^7.4.3" }, "optionalDependencies": { "@tailwindcss/oxide-linux-x64-gnu": "4.1.11", "@tailwindcss/oxide-linux-x64-musl": "4.1.11" } }, ""],

    "@tailwindcss/oxide-linux-x64-gnu": ["@tailwindcss/oxide-linux-x64-gnu@4.1.11", "", { "os": "linux", "cpu": "x64" }, ""],

    "@tailwindcss/oxide-linux-x64-musl": ["@tailwindcss/oxide-linux-x64-musl@4.1.11", "", { "os": "linux", "cpu": "x64" }, ""],

    "@tailwindcss/vite": ["@tailwindcss/vite@4.1.11", "", { "dependencies": { "@tailwindcss/node": "4.1.11", "@tailwindcss/oxide": "4.1.11", "tailwindcss": "4.1.11" }, "peerDependencies": { "vite": "^5.2.0 || ^6 || ^7" } }, ""],

    "@types/estree": ["@types/estree@1.0.8", "", {}, ""],

    "chownr": ["chownr@3.0.0", "", {}, ""],

    "detect-libc": ["detect-libc@2.0.4", "", {}, ""],

    "enhanced-resolve": ["enhanced-resolve@5.18.2", "", { "dependencies": { "graceful-fs": "^4.2.4", "tapable": "^2.2.0" } }, ""],

    "esbuild": ["esbuild@0.25.6", "", { "optionalDependencies": { "@esbuild/linux-x64": "0.25.6" }, "bin": "bin/esbuild" }, ""],

    "fdir": ["fdir@6.4.6", "", { "peerDependencies": { "picomatch": "^3 || ^4" } }, ""],

    "graceful-fs": ["graceful-fs@4.2.11", "", {}, ""],

    "gsap": ["gsap@3.13.0", "", {}, "sha512-QL7MJ2WMjm1PHWsoFrAQH/J8wUeqZvMtHO58qdekHpCfhvhSL4gSiz6vJf5EeMP0LOn3ZCprL2ki/gjED8ghVw=="],

    "jiti": ["jiti@2.4.2", "", { "bin": "lib/jiti-cli.mjs" }, ""],

    "lightningcss": ["lightningcss@1.30.1", "", { "dependencies": { "detect-libc": "^2.0.3" }, "optionalDependencies": { "lightningcss-linux-x64-gnu": "1.30.1", "lightningcss-linux-x64-musl": "1.30.1" } }, ""],

    "lightningcss-linux-x64-gnu": ["lightningcss-linux-x64-gnu@1.30.1", "", { "os": "linux", "cpu": "x64" }, ""],

    "lightningcss-linux-x64-musl": ["lightningcss-linux-x64-musl@1.30.1", "", { "os": "linux", "cpu": "x64" }, ""],

    "magic-string": ["magic-string@0.30.17", "", { "dependencies": { "@jridgewell/sourcemap-codec": "^1.5.0" } }, ""],

    "minipass": ["minipass@7.1.2", "", {}, ""],

    "minizlib": ["minizlib@3.0.2", "", { "dependencies": { "minipass": "^7.1.2" } }, ""],

    "mkdirp": ["mkdirp@3.0.1", "", { "bin": "dist/cjs/src/bin.js" }, ""],

    "nanoid": ["nanoid@3.3.11", "", { "bin": "bin/nanoid.cjs" }, ""],

    "picocolors": ["picocolors@1.1.1", "", {}, ""],

    "picomatch": ["picomatch@4.0.2", "", {}, ""],

    "postcss": ["postcss@8.5.6", "", { "dependencies": { "nanoid": "^3.3.11", "picocolors": "^1.1.1", "source-map-js": "^1.2.1" } }, ""],

    "rollup": ["rollup@4.44.2", "", { "dependencies": { "@types/estree": "1.0.8" }, "optionalDependencies": { "@rollup/rollup-linux-x64-gnu": "4.44.2", "@rollup/rollup-linux-x64-musl": "4.44.2" }, "bin": "dist/bin/rollup" }, ""],

    "source-map-js": ["source-map-js@1.2.1", "", {}, ""],

    "tailwindcss": ["tailwindcss@4.1.11", "", {}, ""],

    "tapable": ["tapable@2.2.2", "", {}, ""],

    "tar": ["tar@7.4.3", "", { "dependencies": { "@isaacs/fs-minipass": "^4.0.0", "chownr": "^3.0.0", "minipass": "^7.1.2", "minizlib": "^3.0.1", "mkdirp": "^3.0.1", "yallist": "^5.0.0" } }, ""],

    "tinyglobby": ["tinyglobby@0.2.14", "", { "dependencies": { "fdir": "^6.4.4", "picomatch": "^4.0.2" } }, ""],

    "vite": ["vite@7.0.3", "", { "dependencies": { "esbuild": "^0.25.0", "fdir": "^6.4.6", "picomatch": "^4.0.2", "postcss": "^8.5.6", "rollup": "^4.40.0", "tinyglobby": "^0.2.14" }, "peerDependencies": { "@types/node": "^20.19.0 || >=22.12.0", "jiti": ">=1.21.0", "less": "^4.0.0", "lightningcss": "^1.21.0", "sass": "^1.70.0", "sass-embedded": "^1.70.0", "stylus": ">=0.54.8", "sugarss": "^5.0.0", "terser": "^5.16.0", "tsx": "^4.8.1", "yaml": "^2.4.2" }, "optionalPeers": ["@types/node", "less", "sass", "sass-embedded", "stylus", "sugarss", "terser", "tsx", "yaml"], "bin": "bin/vite.js" }, ""],

    "yallist": ["yallist@5.0.0", "", {}, ""],
  }
}
